
Microsoft Visual Studio Solution File, Format Version 12.00
# Visual Studio Version 16
VisualStudioVersion = 16.0.34407.143
MinimumVisualStudioVersion = 10.0.40219.1
Project("{8BC9CEB8-8B4A-11D0-8D11-00A0C91BC942}") = "POO_Practica_01", "POO_Practica_01.vcxproj", "{19386AA2-0D45-4324-8E30-605D3724EDDC}"
EndProject
Global
	GlobalSection(SolutionConfigurationPlatforms) = preSolution
		Debug|x64 = Debug|x64
		Debug|x86 = Debug|x86
		Release|x64 = Release|x64
		Release|x86 = Release|x86
	EndGlobalSection
	GlobalSection(ProjectConfigurationPlatforms) = postSolution
		{19386AA2-0D45-4324-8E30-605D3724EDDC}.Debug|x64.ActiveCfg = Debug|x64
		{19386AA2-0D45-4324-8E30-605D3724EDDC}.Debug|x64.Build.0 = Debug|x64
		{19386AA2-0D45-4324-8E30-605D3724EDDC}.Debug|x86.ActiveCfg = Debug|Win32
		{19386AA2-0D45-4324-8E30-605D3724EDDC}.Debug|x86.Build.0 = Debug|Win32
		{19386AA2-0D45-4324-8E30-605D3724EDDC}.Release|x64.ActiveCfg = Release|x64
		{19386AA2-0D45-4324-8E30-605D3724EDDC}.Release|x64.Build.0 = Release|x64
		{19386AA2-0D45-4324-8E30-605D3724EDDC}.Release|x86.ActiveCfg = Release|Win32
		{19386AA2-0D45-4324-8E30-605D3724EDDC}.Release|x86.Build.0 = Release|Win32
	EndGlobalSection
	GlobalSection(SolutionProperties) = preSolution
		HideSolutionNode = FALSE
	EndGlobalSection
	GlobalSection(ExtensibilityGlobals) = postSolution
		SolutionGuid = {C5285944-C3D5-45EB-B821-94A8D0DDC376}
	EndGlobalSection
EndGlobal
