
Microsoft Visual Studio Solution File, Format Version 12.00
# Visual Studio Version 17
VisualStudioVersion = 17.7.34009.444
MinimumVisualStudioVersion = 10.0.40219.1
Project("{8BC9CEB8-8B4A-11D0-8D11-00A0C91BC942}") = "P009 Condicionales_", "P009 Condicionales_.vcxproj", "{05DA7A1B-6A94-4C37-BDDB-D2B9EF71CFDF}"
EndProject
Global
	GlobalSection(SolutionConfigurationPlatforms) = preSolution
		Debug|x64 = Debug|x64
		Debug|x86 = Debug|x86
		Release|x64 = Release|x64
		Release|x86 = Release|x86
	EndGlobalSection
	GlobalSection(ProjectConfigurationPlatforms) = postSolution
		{05DA7A1B-6A94-4C37-BDDB-D2B9EF71CFDF}.Debug|x64.ActiveCfg = Debug|x64
		{05DA7A1B-6A94-4C37-BDDB-D2B9EF71CFDF}.Debug|x64.Build.0 = Debug|x64
		{05DA7A1B-6A94-4C37-BDDB-D2B9EF71CFDF}.Debug|x86.ActiveCfg = Debug|Win32
		{05DA7A1B-6A94-4C37-BDDB-D2B9EF71CFDF}.Debug|x86.Build.0 = Debug|Win32
		{05DA7A1B-6A94-4C37-BDDB-D2B9EF71CFDF}.Release|x64.ActiveCfg = Release|x64
		{05DA7A1B-6A94-4C37-BDDB-D2B9EF71CFDF}.Release|x64.Build.0 = Release|x64
		{05DA7A1B-6A94-4C37-BDDB-D2B9EF71CFDF}.Release|x86.ActiveCfg = Release|Win32
		{05DA7A1B-6A94-4C37-BDDB-D2B9EF71CFDF}.Release|x86.Build.0 = Release|Win32
	EndGlobalSection
	GlobalSection(SolutionProperties) = preSolution
		HideSolutionNode = FALSE
	EndGlobalSection
	GlobalSection(ExtensibilityGlobals) = postSolution
		SolutionGuid = {92BB0F71-6749-4B77-8442-A03E75BDCBDE}
	EndGlobalSection
EndGlobal
