
Microsoft Visual Studio Solution File, Format Version 12.00
# Visual Studio Version 17
VisualStudioVersion = 17.7.34009.444
MinimumVisualStudioVersion = 10.0.40219.1
Project("{8BC9CEB8-8B4A-11D0-8D11-00A0C91BC942}") = "Practica5 bucles", "Practica5 bucles.vcxproj", "{30E65429-7EDA-4ED1-AC74-D9B87A4C2742}"
EndProject
Global
	GlobalSection(SolutionConfigurationPlatforms) = preSolution
		Debug|x64 = Debug|x64
		Debug|x86 = Debug|x86
		Release|x64 = Release|x64
		Release|x86 = Release|x86
	EndGlobalSection
	GlobalSection(ProjectConfigurationPlatforms) = postSolution
		{30E65429-7EDA-4ED1-AC74-D9B87A4C2742}.Debug|x64.ActiveCfg = Debug|x64
		{30E65429-7EDA-4ED1-AC74-D9B87A4C2742}.Debug|x64.Build.0 = Debug|x64
		{30E65429-7EDA-4ED1-AC74-D9B87A4C2742}.Debug|x86.ActiveCfg = Debug|Win32
		{30E65429-7EDA-4ED1-AC74-D9B87A4C2742}.Debug|x86.Build.0 = Debug|Win32
		{30E65429-7EDA-4ED1-AC74-D9B87A4C2742}.Release|x64.ActiveCfg = Release|x64
		{30E65429-7EDA-4ED1-AC74-D9B87A4C2742}.Release|x64.Build.0 = Release|x64
		{30E65429-7EDA-4ED1-AC74-D9B87A4C2742}.Release|x86.ActiveCfg = Release|Win32
		{30E65429-7EDA-4ED1-AC74-D9B87A4C2742}.Release|x86.Build.0 = Release|Win32
	EndGlobalSection
	GlobalSection(SolutionProperties) = preSolution
		HideSolutionNode = FALSE
	EndGlobalSection
	GlobalSection(ExtensibilityGlobals) = postSolution
		SolutionGuid = {A96DAB92-883E-4D99-94CB-D9BC1EE21979}
	EndGlobalSection
EndGlobal
