
Microsoft Visual Studio Solution File, Format Version 12.00
# Visual Studio Version 17
VisualStudioVersion = 17.9.34701.34
MinimumVisualStudioVersion = 10.0.40219.1
Project("{8BC9CEB8-8B4A-11D0-8D11-00A0C91BC942}") = "Programa que resuelva un factorial", "Programa que resuelva un factorial.vcxproj", "{96781F7E-4EBD-4A99-9FF6-045F128A92EA}"
EndProject
Global
	GlobalSection(SolutionConfigurationPlatforms) = preSolution
		Debug|x64 = Debug|x64
		Debug|x86 = Debug|x86
		Release|x64 = Release|x64
		Release|x86 = Release|x86
	EndGlobalSection
	GlobalSection(ProjectConfigurationPlatforms) = postSolution
		{96781F7E-4EBD-4A99-9FF6-045F128A92EA}.Debug|x64.ActiveCfg = Debug|x64
		{96781F7E-4EBD-4A99-9FF6-045F128A92EA}.Debug|x64.Build.0 = Debug|x64
		{96781F7E-4EBD-4A99-9FF6-045F128A92EA}.Debug|x86.ActiveCfg = Debug|Win32
		{96781F7E-4EBD-4A99-9FF6-045F128A92EA}.Debug|x86.Build.0 = Debug|Win32
		{96781F7E-4EBD-4A99-9FF6-045F128A92EA}.Release|x64.ActiveCfg = Release|x64
		{96781F7E-4EBD-4A99-9FF6-045F128A92EA}.Release|x64.Build.0 = Release|x64
		{96781F7E-4EBD-4A99-9FF6-045F128A92EA}.Release|x86.ActiveCfg = Release|Win32
		{96781F7E-4EBD-4A99-9FF6-045F128A92EA}.Release|x86.Build.0 = Release|Win32
	EndGlobalSection
	GlobalSection(SolutionProperties) = preSolution
		HideSolutionNode = FALSE
	EndGlobalSection
	GlobalSection(ExtensibilityGlobals) = postSolution
		SolutionGuid = {E160DF48-85AD-4B7E-BBF7-947D6A75F4CB}
	EndGlobalSection
EndGlobal
