
Microsoft Visual Studio Solution File, Format Version 12.00
# Visual Studio Version 17
VisualStudioVersion = 17.7.34009.444
MinimumVisualStudioVersion = 10.0.40219.1
Project("{8BC9CEB8-8B4A-11D0-8D11-00A0C91BC942}") = "CP05_Aritmeticos", "CP05_Aritmeticos.vcxproj", "{69828C3B-2F2E-4950-863B-46C4B520B535}"
EndProject
Global
	GlobalSection(SolutionConfigurationPlatforms) = preSolution
		Debug|x64 = Debug|x64
		Debug|x86 = Debug|x86
		Release|x64 = Release|x64
		Release|x86 = Release|x86
	EndGlobalSection
	GlobalSection(ProjectConfigurationPlatforms) = postSolution
		{69828C3B-2F2E-4950-863B-46C4B520B535}.Debug|x64.ActiveCfg = Debug|x64
		{69828C3B-2F2E-4950-863B-46C4B520B535}.Debug|x64.Build.0 = Debug|x64
		{69828C3B-2F2E-4950-863B-46C4B520B535}.Debug|x86.ActiveCfg = Debug|Win32
		{69828C3B-2F2E-4950-863B-46C4B520B535}.Debug|x86.Build.0 = Debug|Win32
		{69828C3B-2F2E-4950-863B-46C4B520B535}.Release|x64.ActiveCfg = Release|x64
		{69828C3B-2F2E-4950-863B-46C4B520B535}.Release|x64.Build.0 = Release|x64
		{69828C3B-2F2E-4950-863B-46C4B520B535}.Release|x86.ActiveCfg = Release|Win32
		{69828C3B-2F2E-4950-863B-46C4B520B535}.Release|x86.Build.0 = Release|Win32
	EndGlobalSection
	GlobalSection(SolutionProperties) = preSolution
		HideSolutionNode = FALSE
	EndGlobalSection
	GlobalSection(ExtensibilityGlobals) = postSolution
		SolutionGuid = {9B9F6125-C2CE-40A1-A51D-A81A0F6BF479}
	EndGlobalSection
EndGlobal
